
Microsoft Visual Studio Solution File, Format Version 12.00
# Visual Studio 15
VisualStudioVersion = 15.0.27703.2035
MinimumVisualStudioVersion = 10.0.40219.1
Project("{FAE04EC0-301F-11D3-BF4B-00C04F79EFBC}") = "aoc-2018", "aoc-2018\aoc-2018.csproj", "{C6805CF9-CFA1-43EC-9B9C-6FC7431BFB7E}"
EndProject
Global
	GlobalSection(SolutionConfigurationPlatforms) = preSolution
		Debug|Any CPU = Debug|Any CPU
		Release|Any CPU = Release|Any CPU
	EndGlobalSection
	GlobalSection(ProjectConfigurationPlatforms) = postSolution
		{C6805CF9-CFA1-43EC-9B9C-6FC7431BFB7E}.Debug|Any CPU.ActiveCfg = Debug|Any CPU
		{C6805CF9-CFA1-43EC-9B9C-6FC7431BFB7E}.Debug|Any CPU.Build.0 = Debug|Any CPU
		{C6805CF9-CFA1-43EC-9B9C-6FC7431BFB7E}.Release|Any CPU.ActiveCfg = Release|Any CPU
		{C6805CF9-CFA1-43EC-9B9C-6FC7431BFB7E}.Release|Any CPU.Build.0 = Release|Any CPU
	EndGlobalSection
	GlobalSection(SolutionProperties) = preSolution
		HideSolutionNode = FALSE
	EndGlobalSection
	GlobalSection(ExtensibilityGlobals) = postSolution
		SolutionGuid = {F65EBB96-D397-45E9-B1A9-B3C7CE91AA3D}
	EndGlobalSection
EndGlobal
